
Microsoft Visual Studio Solution File, Format Version 12.00
# Visual Studio 2012
Project("{FAE04EC0-301F-11D3-BF4B-00C04F79EFBC}") = "ComplexCommerce", "ComplexCommerce\ComplexCommerce.csproj", "{7D305932-C26B-4108-8B0F-24024AA51C2A}"
EndProject
Project("{FAE04EC0-301F-11D3-BF4B-00C04F79EFBC}") = "ComplexCommerce.Business", "ComplexCommerce.Business\ComplexCommerce.Business.csproj", "{DA65D9C8-0F7D-46EC-A024-1F255CD70A8E}"
EndProject
Project("{FAE04EC0-301F-11D3-BF4B-00C04F79EFBC}") = "ComplexCommerce.Data", "ComplexCommerce.Data\ComplexCommerce.Data.csproj", "{8828E388-19C6-496A-9F28-C34673EB6FA2}"
EndProject
Project("{FAE04EC0-301F-11D3-BF4B-00C04F79EFBC}") = "ComplexCommerce.Web", "ComplexCommerce.Web\ComplexCommerce.Web.csproj", "{B573D0CF-FA1F-471E-86EE-9B6630CB3858}"
EndProject
Project("{FAE04EC0-301F-11D3-BF4B-00C04F79EFBC}") = "ComplexCommerce.Web.Mvc", "ComplexCommerce.Web.Mvc\ComplexCommerce.Web.Mvc.csproj", "{66209DBB-BAE6-49C2-8EC7-48604565F137}"
EndProject
Project("{FAE04EC0-301F-11D3-BF4B-00C04F79EFBC}") = "ComplexCommerce.Shared", "ComplexCommerce.Shared\ComplexCommerce.Shared.csproj", "{504A88AB-4631-411B-83B0-1E40BF4BBA97}"
EndProject
Project("{FAE04EC0-301F-11D3-BF4B-00C04F79EFBC}") = "ComplexCommerce.Csla", "ComplexCommerce.Csla\ComplexCommerce.Csla.csproj", "{7507FC2A-83E4-4A37-A556-832A3B976184}"
EndProject
Project("{FAE04EC0-301F-11D3-BF4B-00C04F79EFBC}") = "ComplexCommerce.Data.Entity", "ComplexCommerce.Data.Entity\ComplexCommerce.Data.Entity.csproj", "{AED03DFC-9EE7-4A7B-BEC3-B7689E13AAED}"
EndProject
Global
	GlobalSection(SolutionConfigurationPlatforms) = preSolution
		Debug|Any CPU = Debug|Any CPU
		Release|Any CPU = Release|Any CPU
	EndGlobalSection
	GlobalSection(ProjectConfigurationPlatforms) = postSolution
		{7D305932-C26B-4108-8B0F-24024AA51C2A}.Debug|Any CPU.ActiveCfg = Debug|Any CPU
		{7D305932-C26B-4108-8B0F-24024AA51C2A}.Debug|Any CPU.Build.0 = Debug|Any CPU
		{7D305932-C26B-4108-8B0F-24024AA51C2A}.Release|Any CPU.ActiveCfg = Release|Any CPU
		{7D305932-C26B-4108-8B0F-24024AA51C2A}.Release|Any CPU.Build.0 = Release|Any CPU
		{DA65D9C8-0F7D-46EC-A024-1F255CD70A8E}.Debug|Any CPU.ActiveCfg = Debug|Any CPU
		{DA65D9C8-0F7D-46EC-A024-1F255CD70A8E}.Debug|Any CPU.Build.0 = Debug|Any CPU
		{DA65D9C8-0F7D-46EC-A024-1F255CD70A8E}.Release|Any CPU.ActiveCfg = Release|Any CPU
		{DA65D9C8-0F7D-46EC-A024-1F255CD70A8E}.Release|Any CPU.Build.0 = Release|Any CPU
		{8828E388-19C6-496A-9F28-C34673EB6FA2}.Debug|Any CPU.ActiveCfg = Debug|Any CPU
		{8828E388-19C6-496A-9F28-C34673EB6FA2}.Debug|Any CPU.Build.0 = Debug|Any CPU
		{8828E388-19C6-496A-9F28-C34673EB6FA2}.Release|Any CPU.ActiveCfg = Release|Any CPU
		{8828E388-19C6-496A-9F28-C34673EB6FA2}.Release|Any CPU.Build.0 = Release|Any CPU
		{B573D0CF-FA1F-471E-86EE-9B6630CB3858}.Debug|Any CPU.ActiveCfg = Debug|Any CPU
		{B573D0CF-FA1F-471E-86EE-9B6630CB3858}.Debug|Any CPU.Build.0 = Debug|Any CPU
		{B573D0CF-FA1F-471E-86EE-9B6630CB3858}.Release|Any CPU.ActiveCfg = Release|Any CPU
		{B573D0CF-FA1F-471E-86EE-9B6630CB3858}.Release|Any CPU.Build.0 = Release|Any CPU
		{66209DBB-BAE6-49C2-8EC7-48604565F137}.Debug|Any CPU.ActiveCfg = Debug|Any CPU
		{66209DBB-BAE6-49C2-8EC7-48604565F137}.Debug|Any CPU.Build.0 = Debug|Any CPU
		{66209DBB-BAE6-49C2-8EC7-48604565F137}.Release|Any CPU.ActiveCfg = Release|Any CPU
		{66209DBB-BAE6-49C2-8EC7-48604565F137}.Release|Any CPU.Build.0 = Release|Any CPU
		{504A88AB-4631-411B-83B0-1E40BF4BBA97}.Debug|Any CPU.ActiveCfg = Debug|Any CPU
		{504A88AB-4631-411B-83B0-1E40BF4BBA97}.Debug|Any CPU.Build.0 = Debug|Any CPU
		{504A88AB-4631-411B-83B0-1E40BF4BBA97}.Release|Any CPU.ActiveCfg = Release|Any CPU
		{504A88AB-4631-411B-83B0-1E40BF4BBA97}.Release|Any CPU.Build.0 = Release|Any CPU
		{7507FC2A-83E4-4A37-A556-832A3B976184}.Debug|Any CPU.ActiveCfg = Debug|Any CPU
		{7507FC2A-83E4-4A37-A556-832A3B976184}.Debug|Any CPU.Build.0 = Debug|Any CPU
		{7507FC2A-83E4-4A37-A556-832A3B976184}.Release|Any CPU.ActiveCfg = Release|Any CPU
		{7507FC2A-83E4-4A37-A556-832A3B976184}.Release|Any CPU.Build.0 = Release|Any CPU
		{AED03DFC-9EE7-4A7B-BEC3-B7689E13AAED}.Debug|Any CPU.ActiveCfg = Debug|Any CPU
		{AED03DFC-9EE7-4A7B-BEC3-B7689E13AAED}.Debug|Any CPU.Build.0 = Debug|Any CPU
		{AED03DFC-9EE7-4A7B-BEC3-B7689E13AAED}.Release|Any CPU.ActiveCfg = Release|Any CPU
		{AED03DFC-9EE7-4A7B-BEC3-B7689E13AAED}.Release|Any CPU.Build.0 = Release|Any CPU
	EndGlobalSection
	GlobalSection(SolutionProperties) = preSolution
		HideSolutionNode = FALSE
	EndGlobalSection
EndGlobal
